
Microsoft Visual Studio Solution File, Format Version 12.00
# Visual Studio Version 17
VisualStudioVersion = 17.14.36717.8 d17.14
MinimumVisualStudioVersion = 10.0.40219.1
Project("{8BC9CEB8-8B4A-11D0-8D11-00A0C91BC942}") = "Y - Easy Fibonacci", "Y - Easy Fibonacci.vcxproj", "{5A61A9A2-D321-48ED-B28E-B91BC7E5142D}"
EndProject
Global
	GlobalSection(SolutionConfigurationPlatforms) = preSolution
		Debug|x64 = Debug|x64
		Debug|x86 = Debug|x86
		Release|x64 = Release|x64
		Release|x86 = Release|x86
	EndGlobalSection
	GlobalSection(ProjectConfigurationPlatforms) = postSolution
		{5A61A9A2-D321-48ED-B28E-B91BC7E5142D}.Debug|x64.ActiveCfg = Debug|x64
		{5A61A9A2-D321-48ED-B28E-B91BC7E5142D}.Debug|x64.Build.0 = Debug|x64
		{5A61A9A2-D321-48ED-B28E-B91BC7E5142D}.Debug|x86.ActiveCfg = Debug|Win32
		{5A61A9A2-D321-48ED-B28E-B91BC7E5142D}.Debug|x86.Build.0 = Debug|Win32
		{5A61A9A2-D321-48ED-B28E-B91BC7E5142D}.Release|x64.ActiveCfg = Release|x64
		{5A61A9A2-D321-48ED-B28E-B91BC7E5142D}.Release|x64.Build.0 = Release|x64
		{5A61A9A2-D321-48ED-B28E-B91BC7E5142D}.Release|x86.ActiveCfg = Release|Win32
		{5A61A9A2-D321-48ED-B28E-B91BC7E5142D}.Release|x86.Build.0 = Release|Win32
	EndGlobalSection
	GlobalSection(SolutionProperties) = preSolution
		HideSolutionNode = FALSE
	EndGlobalSection
	GlobalSection(ExtensibilityGlobals) = postSolution
		SolutionGuid = {B140207A-3FAB-4E7A-9D2B-E2586FFBEBA0}
	EndGlobalSection
EndGlobal
